
Microsoft Visual Studio Solution File, Format Version 12.00
# Visual Studio Version 17
VisualStudioVersion = 17.0.31903.59
MinimumVisualStudioVersion = 10.0.40219.1
Project("{2150E333-8FDC-42A3-9474-1A3956D46DE8}") = "src", "src", "{827E0CD3-B72D-47B6-A68D-7590B98EB39B}"
EndProject
Project("{FAE04EC0-301F-11D3-BF4B-00C04F79EFBC}") = "Tiki.Shared", "src\Tiki.Shared\Tiki.Shared.csproj", "{00864D74-C376-4541-BEAB-A95D2D9071A3}"
EndProject
Project("{2150E333-8FDC-42A3-9474-1A3956D46DE8}") = "tests", "tests", "{0AB3BF05-4346-4AA6-1389-037BE0695223}"
EndProject
Project("{FAE04EC0-301F-11D3-BF4B-00C04F79EFBC}") = "Tiki.Shared.Tests", "tests\Tiki.Shared.Tests\Tiki.Shared.Tests.csproj", "{702DD2AE-CB42-46A9-8E2A-484B021F452F}"
EndProject
Project("{2150E333-8FDC-42A3-9474-1A3956D46DE8}") = "Grpc.Contracts", "Grpc.Contracts", "{1CC4710D-B450-7E3C-A51A-597249AEA441}"
EndProject
Project("{FAE04EC0-301F-11D3-BF4B-00C04F79EFBC}") = "Tiki.Grpc.Contracts.Identity", "src\Grpc.Contracts\Tiki.Grpc.Contracts.Identity\Tiki.Grpc.Contracts.Identity.csproj", "{0173B31A-AA32-440A-AFBF-CF51239AAE2A}"
EndProject
Project("{FAE04EC0-301F-11D3-BF4B-00C04F79EFBC}") = "Tiki.Grpc.Contracts.Wallet", "src\Grpc.Contracts\Tiki.Grpc.Contracts.Wallet\Tiki.Grpc.Contracts.Wallet.csproj", "{A904BAB7-DD7F-446F-BB01-C6B43EF88B76}"
EndProject
Project("{FAE04EC0-301F-11D3-BF4B-00C04F79EFBC}") = "Tiki.Grpc.Contracts.Transaction", "src\Grpc.Contracts\Tiki.Grpc.Contracts.Transaction\Tiki.Grpc.Contracts.Transaction.csproj", "{C6143D4A-0DA3-43D0-9F77-10E8D67136B9}"
EndProject
Project("{FAE04EC0-301F-11D3-BF4B-00C04F79EFBC}") = "Tiki.Grpc.Contracts.Compliance", "src\Grpc.Contracts\Tiki.Grpc.Contracts.Compliance\Tiki.Grpc.Contracts.Compliance.csproj", "{C5267A25-0E39-4DEA-9243-46D97E993B41}"
EndProject
Project("{FAE04EC0-301F-11D3-BF4B-00C04F79EFBC}") = "Tiki.Grpc.Contracts.Integration", "src\Grpc.Contracts\Tiki.Grpc.Contracts.Integration\Tiki.Grpc.Contracts.Integration.csproj", "{BF82C9E3-771E-4B49-AB61-FEF0047EC9F1}"
EndProject
Project("{2150E333-8FDC-42A3-9474-1A3956D46DE8}") = "Grpc.Contracts.Tests", "Grpc.Contracts.Tests", "{00E87CFE-F9BC-9073-9D9B-B50525976E09}"
EndProject
Project("{FAE04EC0-301F-11D3-BF4B-00C04F79EFBC}") = "Tiki.Grpc.Contracts.Tests", "tests\Grpc.Contracts.Tests\Tiki.Grpc.Contracts.Tests.csproj", "{D31B63B8-48C6-4997-BE12-26CAC85E30D9}"
EndProject
Global
	GlobalSection(SolutionConfigurationPlatforms) = preSolution
		Debug|Any CPU = Debug|Any CPU
		Debug|x64 = Debug|x64
		Debug|x86 = Debug|x86
		Release|Any CPU = Release|Any CPU
		Release|x64 = Release|x64
		Release|x86 = Release|x86
	EndGlobalSection
	GlobalSection(ProjectConfigurationPlatforms) = postSolution
		{00864D74-C376-4541-BEAB-A95D2D9071A3}.Debug|Any CPU.ActiveCfg = Debug|Any CPU
		{00864D74-C376-4541-BEAB-A95D2D9071A3}.Debug|Any CPU.Build.0 = Debug|Any CPU
		{00864D74-C376-4541-BEAB-A95D2D9071A3}.Debug|x64.ActiveCfg = Debug|Any CPU
		{00864D74-C376-4541-BEAB-A95D2D9071A3}.Debug|x64.Build.0 = Debug|Any CPU
		{00864D74-C376-4541-BEAB-A95D2D9071A3}.Debug|x86.ActiveCfg = Debug|Any CPU
		{00864D74-C376-4541-BEAB-A95D2D9071A3}.Debug|x86.Build.0 = Debug|Any CPU
		{00864D74-C376-4541-BEAB-A95D2D9071A3}.Release|Any CPU.ActiveCfg = Release|Any CPU
		{00864D74-C376-4541-BEAB-A95D2D9071A3}.Release|Any CPU.Build.0 = Release|Any CPU
		{00864D74-C376-4541-BEAB-A95D2D9071A3}.Release|x64.ActiveCfg = Release|Any CPU
		{00864D74-C376-4541-BEAB-A95D2D9071A3}.Release|x64.Build.0 = Release|Any CPU
		{00864D74-C376-4541-BEAB-A95D2D9071A3}.Release|x86.ActiveCfg = Release|Any CPU
		{00864D74-C376-4541-BEAB-A95D2D9071A3}.Release|x86.Build.0 = Release|Any CPU
		{702DD2AE-CB42-46A9-8E2A-484B021F452F}.Debug|Any CPU.ActiveCfg = Debug|Any CPU
		{702DD2AE-CB42-46A9-8E2A-484B021F452F}.Debug|Any CPU.Build.0 = Debug|Any CPU
		{702DD2AE-CB42-46A9-8E2A-484B021F452F}.Debug|x64.ActiveCfg = Debug|Any CPU
		{702DD2AE-CB42-46A9-8E2A-484B021F452F}.Debug|x64.Build.0 = Debug|Any CPU
		{702DD2AE-CB42-46A9-8E2A-484B021F452F}.Debug|x86.ActiveCfg = Debug|Any CPU
		{702DD2AE-CB42-46A9-8E2A-484B021F452F}.Debug|x86.Build.0 = Debug|Any CPU
		{702DD2AE-CB42-46A9-8E2A-484B021F452F}.Release|Any CPU.ActiveCfg = Release|Any CPU
		{702DD2AE-CB42-46A9-8E2A-484B021F452F}.Release|Any CPU.Build.0 = Release|Any CPU
		{702DD2AE-CB42-46A9-8E2A-484B021F452F}.Release|x64.ActiveCfg = Release|Any CPU
		{702DD2AE-CB42-46A9-8E2A-484B021F452F}.Release|x64.Build.0 = Release|Any CPU
		{702DD2AE-CB42-46A9-8E2A-484B021F452F}.Release|x86.ActiveCfg = Release|Any CPU
		{702DD2AE-CB42-46A9-8E2A-484B021F452F}.Release|x86.Build.0 = Release|Any CPU
		{0173B31A-AA32-440A-AFBF-CF51239AAE2A}.Debug|Any CPU.ActiveCfg = Debug|Any CPU
		{0173B31A-AA32-440A-AFBF-CF51239AAE2A}.Debug|Any CPU.Build.0 = Debug|Any CPU
		{0173B31A-AA32-440A-AFBF-CF51239AAE2A}.Debug|x64.ActiveCfg = Debug|Any CPU
		{0173B31A-AA32-440A-AFBF-CF51239AAE2A}.Debug|x64.Build.0 = Debug|Any CPU
		{0173B31A-AA32-440A-AFBF-CF51239AAE2A}.Debug|x86.ActiveCfg = Debug|Any CPU
		{0173B31A-AA32-440A-AFBF-CF51239AAE2A}.Debug|x86.Build.0 = Debug|Any CPU
		{0173B31A-AA32-440A-AFBF-CF51239AAE2A}.Release|Any CPU.ActiveCfg = Release|Any CPU
		{0173B31A-AA32-440A-AFBF-CF51239AAE2A}.Release|Any CPU.Build.0 = Release|Any CPU
		{0173B31A-AA32-440A-AFBF-CF51239AAE2A}.Release|x64.ActiveCfg = Release|Any CPU
		{0173B31A-AA32-440A-AFBF-CF51239AAE2A}.Release|x64.Build.0 = Release|Any CPU
		{0173B31A-AA32-440A-AFBF-CF51239AAE2A}.Release|x86.ActiveCfg = Release|Any CPU
		{0173B31A-AA32-440A-AFBF-CF51239AAE2A}.Release|x86.Build.0 = Release|Any CPU
		{A904BAB7-DD7F-446F-BB01-C6B43EF88B76}.Debug|Any CPU.ActiveCfg = Debug|Any CPU
		{A904BAB7-DD7F-446F-BB01-C6B43EF88B76}.Debug|Any CPU.Build.0 = Debug|Any CPU
		{A904BAB7-DD7F-446F-BB01-C6B43EF88B76}.Debug|x64.ActiveCfg = Debug|Any CPU
		{A904BAB7-DD7F-446F-BB01-C6B43EF88B76}.Debug|x64.Build.0 = Debug|Any CPU
		{A904BAB7-DD7F-446F-BB01-C6B43EF88B76}.Debug|x86.ActiveCfg = Debug|Any CPU
		{A904BAB7-DD7F-446F-BB01-C6B43EF88B76}.Debug|x86.Build.0 = Debug|Any CPU
		{A904BAB7-DD7F-446F-BB01-C6B43EF88B76}.Release|Any CPU.ActiveCfg = Release|Any CPU
		{A904BAB7-DD7F-446F-BB01-C6B43EF88B76}.Release|Any CPU.Build.0 = Release|Any CPU
		{A904BAB7-DD7F-446F-BB01-C6B43EF88B76}.Release|x64.ActiveCfg = Release|Any CPU
		{A904BAB7-DD7F-446F-BB01-C6B43EF88B76}.Release|x64.Build.0 = Release|Any CPU
		{A904BAB7-DD7F-446F-BB01-C6B43EF88B76}.Release|x86.ActiveCfg = Release|Any CPU
		{A904BAB7-DD7F-446F-BB01-C6B43EF88B76}.Release|x86.Build.0 = Release|Any CPU
		{C6143D4A-0DA3-43D0-9F77-10E8D67136B9}.Debug|Any CPU.ActiveCfg = Debug|Any CPU
		{C6143D4A-0DA3-43D0-9F77-10E8D67136B9}.Debug|Any CPU.Build.0 = Debug|Any CPU
		{C6143D4A-0DA3-43D0-9F77-10E8D67136B9}.Debug|x64.ActiveCfg = Debug|Any CPU
		{C6143D4A-0DA3-43D0-9F77-10E8D67136B9}.Debug|x64.Build.0 = Debug|Any CPU
		{C6143D4A-0DA3-43D0-9F77-10E8D67136B9}.Debug|x86.ActiveCfg = Debug|Any CPU
		{C6143D4A-0DA3-43D0-9F77-10E8D67136B9}.Debug|x86.Build.0 = Debug|Any CPU
		{C6143D4A-0DA3-43D0-9F77-10E8D67136B9}.Release|Any CPU.ActiveCfg = Release|Any CPU
		{C6143D4A-0DA3-43D0-9F77-10E8D67136B9}.Release|Any CPU.Build.0 = Release|Any CPU
		{C6143D4A-0DA3-43D0-9F77-10E8D67136B9}.Release|x64.ActiveCfg = Release|Any CPU
		{C6143D4A-0DA3-43D0-9F77-10E8D67136B9}.Release|x64.Build.0 = Release|Any CPU
		{C6143D4A-0DA3-43D0-9F77-10E8D67136B9}.Release|x86.ActiveCfg = Release|Any CPU
		{C6143D4A-0DA3-43D0-9F77-10E8D67136B9}.Release|x86.Build.0 = Release|Any CPU
		{C5267A25-0E39-4DEA-9243-46D97E993B41}.Debug|Any CPU.ActiveCfg = Debug|Any CPU
		{C5267A25-0E39-4DEA-9243-46D97E993B41}.Debug|Any CPU.Build.0 = Debug|Any CPU
		{C5267A25-0E39-4DEA-9243-46D97E993B41}.Debug|x64.ActiveCfg = Debug|Any CPU
		{C5267A25-0E39-4DEA-9243-46D97E993B41}.Debug|x64.Build.0 = Debug|Any CPU
		{C5267A25-0E39-4DEA-9243-46D97E993B41}.Debug|x86.ActiveCfg = Debug|Any CPU
		{C5267A25-0E39-4DEA-9243-46D97E993B41}.Debug|x86.Build.0 = Debug|Any CPU
		{C5267A25-0E39-4DEA-9243-46D97E993B41}.Release|Any CPU.ActiveCfg = Release|Any CPU
		{C5267A25-0E39-4DEA-9243-46D97E993B41}.Release|Any CPU.Build.0 = Release|Any CPU
		{C5267A25-0E39-4DEA-9243-46D97E993B41}.Release|x64.ActiveCfg = Release|Any CPU
		{C5267A25-0E39-4DEA-9243-46D97E993B41}.Release|x64.Build.0 = Release|Any CPU
		{C5267A25-0E39-4DEA-9243-46D97E993B41}.Release|x86.ActiveCfg = Release|Any CPU
		{C5267A25-0E39-4DEA-9243-46D97E993B41}.Release|x86.Build.0 = Release|Any CPU
		{BF82C9E3-771E-4B49-AB61-FEF0047EC9F1}.Debug|Any CPU.ActiveCfg = Debug|Any CPU
		{BF82C9E3-771E-4B49-AB61-FEF0047EC9F1}.Debug|Any CPU.Build.0 = Debug|Any CPU
		{BF82C9E3-771E-4B49-AB61-FEF0047EC9F1}.Debug|x64.ActiveCfg = Debug|Any CPU
		{BF82C9E3-771E-4B49-AB61-FEF0047EC9F1}.Debug|x64.Build.0 = Debug|Any CPU
		{BF82C9E3-771E-4B49-AB61-FEF0047EC9F1}.Debug|x86.ActiveCfg = Debug|Any CPU
		{BF82C9E3-771E-4B49-AB61-FEF0047EC9F1}.Debug|x86.Build.0 = Debug|Any CPU
		{BF82C9E3-771E-4B49-AB61-FEF0047EC9F1}.Release|Any CPU.ActiveCfg = Release|Any CPU
		{BF82C9E3-771E-4B49-AB61-FEF0047EC9F1}.Release|Any CPU.Build.0 = Release|Any CPU
		{BF82C9E3-771E-4B49-AB61-FEF0047EC9F1}.Release|x64.ActiveCfg = Release|Any CPU
		{BF82C9E3-771E-4B49-AB61-FEF0047EC9F1}.Release|x64.Build.0 = Release|Any CPU
		{BF82C9E3-771E-4B49-AB61-FEF0047EC9F1}.Release|x86.ActiveCfg = Release|Any CPU
		{BF82C9E3-771E-4B49-AB61-FEF0047EC9F1}.Release|x86.Build.0 = Release|Any CPU
		{D31B63B8-48C6-4997-BE12-26CAC85E30D9}.Debug|Any CPU.ActiveCfg = Debug|Any CPU
		{D31B63B8-48C6-4997-BE12-26CAC85E30D9}.Debug|Any CPU.Build.0 = Debug|Any CPU
		{D31B63B8-48C6-4997-BE12-26CAC85E30D9}.Debug|x64.ActiveCfg = Debug|Any CPU
		{D31B63B8-48C6-4997-BE12-26CAC85E30D9}.Debug|x64.Build.0 = Debug|Any CPU
		{D31B63B8-48C6-4997-BE12-26CAC85E30D9}.Debug|x86.ActiveCfg = Debug|Any CPU
		{D31B63B8-48C6-4997-BE12-26CAC85E30D9}.Debug|x86.Build.0 = Debug|Any CPU
		{D31B63B8-48C6-4997-BE12-26CAC85E30D9}.Release|Any CPU.ActiveCfg = Release|Any CPU
		{D31B63B8-48C6-4997-BE12-26CAC85E30D9}.Release|Any CPU.Build.0 = Release|Any CPU
		{D31B63B8-48C6-4997-BE12-26CAC85E30D9}.Release|x64.ActiveCfg = Release|Any CPU
		{D31B63B8-48C6-4997-BE12-26CAC85E30D9}.Release|x64.Build.0 = Release|Any CPU
		{D31B63B8-48C6-4997-BE12-26CAC85E30D9}.Release|x86.ActiveCfg = Release|Any CPU
		{D31B63B8-48C6-4997-BE12-26CAC85E30D9}.Release|x86.Build.0 = Release|Any CPU
	EndGlobalSection
	GlobalSection(SolutionProperties) = preSolution
		HideSolutionNode = FALSE
	EndGlobalSection
	GlobalSection(NestedProjects) = preSolution
		{00864D74-C376-4541-BEAB-A95D2D9071A3} = {827E0CD3-B72D-47B6-A68D-7590B98EB39B}
		{702DD2AE-CB42-46A9-8E2A-484B021F452F} = {0AB3BF05-4346-4AA6-1389-037BE0695223}
		{1CC4710D-B450-7E3C-A51A-597249AEA441} = {827E0CD3-B72D-47B6-A68D-7590B98EB39B}
		{0173B31A-AA32-440A-AFBF-CF51239AAE2A} = {1CC4710D-B450-7E3C-A51A-597249AEA441}
		{A904BAB7-DD7F-446F-BB01-C6B43EF88B76} = {1CC4710D-B450-7E3C-A51A-597249AEA441}
		{C6143D4A-0DA3-43D0-9F77-10E8D67136B9} = {1CC4710D-B450-7E3C-A51A-597249AEA441}
		{C5267A25-0E39-4DEA-9243-46D97E993B41} = {1CC4710D-B450-7E3C-A51A-597249AEA441}
		{BF82C9E3-771E-4B49-AB61-FEF0047EC9F1} = {1CC4710D-B450-7E3C-A51A-597249AEA441}
		{00E87CFE-F9BC-9073-9D9B-B50525976E09} = {0AB3BF05-4346-4AA6-1389-037BE0695223}
		{D31B63B8-48C6-4997-BE12-26CAC85E30D9} = {00E87CFE-F9BC-9073-9D9B-B50525976E09}
	EndGlobalSection
EndGlobal
